
Microsoft Visual Studio Solution File, Format Version 12.00
# Visual Studio 15
VisualStudioVersion = 15.0.28307.329
MinimumVisualStudioVersion = 10.0.40219.1
Project("{FAE04EC0-301F-11D3-BF4B-00C04F79EFBC}") = "ders 46 nesne ve sınıf oluşturma", "ders 46 nesne ve sınıf oluşturma\ders 46 nesne ve sınıf oluşturma.csproj", "{C1E24462-8181-4B2F-B0CF-E15F4906EF99}"
EndProject
Global
	GlobalSection(SolutionConfigurationPlatforms) = preSolution
		Debug|Any CPU = Debug|Any CPU
		Release|Any CPU = Release|Any CPU
	EndGlobalSection
	GlobalSection(ProjectConfigurationPlatforms) = postSolution
		{C1E24462-8181-4B2F-B0CF-E15F4906EF99}.Debug|Any CPU.ActiveCfg = Debug|Any CPU
		{C1E24462-8181-4B2F-B0CF-E15F4906EF99}.Debug|Any CPU.Build.0 = Debug|Any CPU
		{C1E24462-8181-4B2F-B0CF-E15F4906EF99}.Release|Any CPU.ActiveCfg = Release|Any CPU
		{C1E24462-8181-4B2F-B0CF-E15F4906EF99}.Release|Any CPU.Build.0 = Release|Any CPU
	EndGlobalSection
	GlobalSection(SolutionProperties) = preSolution
		HideSolutionNode = FALSE
	EndGlobalSection
	GlobalSection(ExtensibilityGlobals) = postSolution
		SolutionGuid = {DCABBB92-51C5-420F-AE9C-B4689517EFB5}
	EndGlobalSection
EndGlobal
